PODS:
  - SwiftPrettyPrint (1.0.0)

DEPENDENCIES:
  - SwiftPrettyPrint (from `../`)

EXTERNAL SOURCES:
  SwiftPrettyPrint:
    :branch: feature/combine-example
    :path: "../"

SPEC CHECKSUMS:
  SwiftPrettyPrint: 02010eb68c416300eb9d0d0dccafa82b5856466a

PODFILE CHECKSUM: a6c823860b984065d3e18d82c62ebf2829151fcd

COCOAPODS: 1.10.0
