// !$*UTF8*$!
{
	archiveVersion = 1;
	classes = {
	};
	objectVersion = 46;
	objects = {

/* Begin PBXAggregateTarget section */
		"SwiftPrettyPrint::SwiftPrettyPrintPackageTests::ProductTarget" /* SwiftPrettyPrintPackageTests */ = {
			isa = PBXAggregateTarget;
			buildConfigurationList = OBJ_106 /* Build configuration list for PBXAggregateTarget "SwiftPrettyPrintPackageTests" */;
			buildPhases = (
			);
			dependencies = (
				OBJ_109 /* PBXTargetDependency */,
			);
			name = SwiftPrettyPrintPackageTests;
			productName = SwiftPrettyPrintPackageTests;
		};
/* End PBXAggregateTarget section */

/* Begin PBXBuildFile section */
		OBJ_104 /* Package.swift in Sources */ = {isa = PBXBuildFile; fileRef = OBJ_6 /* Package.swift */; };
		OBJ_115 /* DebugTests.swift in Sources */ = {isa = PBXBuildFile; fileRef = OBJ_22 /* DebugTests.swift */; };
		OBJ_116 /* MultilineFormatterTests.swift in Sources */ = {isa = PBXBuildFile; fileRef = OBJ_25 /* MultilineFormatterTests.swift */; };
		OBJ_117 /* SinglelineFormatterTests.swift in Sources */ = {isa = PBXBuildFile; fileRef = OBJ_26 /* SinglelineFormatterTests.swift */; };
		OBJ_118 /* PrettyTests.swift in Sources */ = {isa = PBXBuildFile; fileRef = OBJ_27 /* PrettyTests.swift */; };
		OBJ_119 /* String+extensionTests.swift in Sources */ = {isa = PBXBuildFile; fileRef = OBJ_29 /* String+extensionTests.swift */; };
		OBJ_120 /* Assertions.swift in Sources */ = {isa = PBXBuildFile; fileRef = OBJ_31 /* Assertions.swift */; };
		OBJ_121 /* Util.swift in Sources */ = {isa = PBXBuildFile; fileRef = OBJ_32 /* Util.swift */; };
		OBJ_122 /* XCTestManifests.swift in Sources */ = {isa = PBXBuildFile; fileRef = OBJ_33 /* XCTestManifests.swift */; };
		OBJ_124 /* Curry.framework in Frameworks */ = {isa = PBXBuildFile; fileRef = "Curry::Curry::Product" /* Curry.framework */; };
		OBJ_125 /* SwiftParamTest.framework in Frameworks */ = {isa = PBXBuildFile; fileRef = "SwiftParamTest::SwiftParamTest::Product" /* SwiftParamTest.framework */; };
		OBJ_126 /* SwiftPrettyPrint.framework in Frameworks */ = {isa = PBXBuildFile; fileRef = "SwiftPrettyPrint::SwiftPrettyPrint::Product" /* SwiftPrettyPrint.framework */; };
		OBJ_63 /* Curry.swift in Sources */ = {isa = PBXBuildFile; fileRef = OBJ_37 /* Curry.swift */; };
		OBJ_70 /* Package.swift in Sources */ = {isa = PBXBuildFile; fileRef = OBJ_36 /* Package.swift */; };
		OBJ_76 /* Core.swift in Sources */ = {isa = PBXBuildFile; fileRef = OBJ_40 /* Core.swift */; };
		OBJ_77 /* DSL.swift in Sources */ = {isa = PBXBuildFile; fileRef = OBJ_41 /* DSL.swift */; };
		OBJ_84 /* Package.swift in Sources */ = {isa = PBXBuildFile; fileRef = OBJ_39 /* Package.swift */; };
		OBJ_90 /* Debug.swift in Sources */ = {isa = PBXBuildFile; fileRef = OBJ_9 /* Debug.swift */; };
		OBJ_91 /* Option.swift in Sources */ = {isa = PBXBuildFile; fileRef = OBJ_10 /* Option.swift */; };
		OBJ_92 /* MultilineFormatter.swift in Sources */ = {isa = PBXBuildFile; fileRef = OBJ_13 /* MultilineFormatter.swift */; };
		OBJ_93 /* PrettyFormatter.swift in Sources */ = {isa = PBXBuildFile; fileRef = OBJ_14 /* PrettyFormatter.swift */; };
		OBJ_94 /* SinglelineFormatter.swift in Sources */ = {isa = PBXBuildFile; fileRef = OBJ_15 /* SinglelineFormatter.swift */; };
		OBJ_95 /* Pretty.swift in Sources */ = {isa = PBXBuildFile; fileRef = OBJ_16 /* Pretty.swift */; };
		OBJ_96 /* PrettyError.swift in Sources */ = {isa = PBXBuildFile; fileRef = OBJ_17 /* PrettyError.swift */; };
		OBJ_97 /* String+extension.swift in Sources */ = {isa = PBXBuildFile; fileRef = OBJ_19 /* String+extension.swift */; };
/* End PBXBuildFile section */

/* Begin PBXContainerItemProxy section */
		E58D816C241226E50081E667 /* PBXContainerItemProxy */ = {
			isa = PBXContainerItemProxy;
			containerPortal = OBJ_1 /* Project object */;
			proxyType = 1;
			remoteGlobalIDString = "Curry::Curry";
			remoteInfo = Curry;
		};
		E58D816D241226E50081E667 /* PBXContainerItemProxy */ = {
			isa = PBXContainerItemProxy;
			containerPortal = OBJ_1 /* Project object */;
			proxyType = 1;
			remoteGlobalIDString = "SwiftParamTest::SwiftParamTest";
			remoteInfo = SwiftParamTest;
		};
		E58D816E241226E50081E667 /* PBXContainerItemProxy */ = {
			isa = PBXContainerItemProxy;
			containerPortal = OBJ_1 /* Project object */;
			proxyType = 1;
			remoteGlobalIDString = "SwiftPrettyPrint::SwiftPrettyPrint";
			remoteInfo = SwiftPrettyPrint;
		};
		E58D816F241226E70081E667 /* PBXContainerItemProxy */ = {
			isa = PBXContainerItemProxy;
			containerPortal = OBJ_1 /* Project object */;
			proxyType = 1;
			remoteGlobalIDString = "SwiftPrettyPrint::SwiftPrettyPrintTests";
			remoteInfo = SwiftPrettyPrintTests;
		};
/* End PBXContainerItemProxy section */

/* Begin PBXFileReference section */
		"Curry::Curry::Product" /* Curry.framework */ = {isa = PBXFileReference; explicitFileType = wrapper.framework; path = Curry.framework; sourceTree = BUILT_PRODUCTS_DIR; };
		OBJ_10 /* Option.swift */ = {isa = PBXFileReference; lastKnownFileType = sourcecode.swift; path = Option.swift; sourceTree = "<group>"; };
		OBJ_13 /* MultilineFormatter.swift */ = {isa = PBXFileReference; lastKnownFileType = sourcecode.swift; path = MultilineFormatter.swift; sourceTree = "<group>"; };
		OBJ_14 /* PrettyFormatter.swift */ = {isa = PBXFileReference; lastKnownFileType = sourcecode.swift; path = PrettyFormatter.swift; sourceTree = "<group>"; };
		OBJ_15 /* SinglelineFormatter.swift */ = {isa = PBXFileReference; lastKnownFileType = sourcecode.swift; path = SinglelineFormatter.swift; sourceTree = "<group>"; };
		OBJ_16 /* Pretty.swift */ = {isa = PBXFileReference; lastKnownFileType = sourcecode.swift; path = Pretty.swift; sourceTree = "<group>"; };
		OBJ_17 /* PrettyError.swift */ = {isa = PBXFileReference; lastKnownFileType = sourcecode.swift; path = PrettyError.swift; sourceTree = "<group>"; };
		OBJ_19 /* String+extension.swift */ = {isa = PBXFileReference; lastKnownFileType = sourcecode.swift; path = "String+extension.swift"; sourceTree = "<group>"; };
		OBJ_22 /* DebugTests.swift */ = {isa = PBXFileReference; lastKnownFileType = sourcecode.swift; path = DebugTests.swift; sourceTree = "<group>"; };
		OBJ_25 /* MultilineFormatterTests.swift */ = {isa = PBXFileReference; lastKnownFileType = sourcecode.swift; path = MultilineFormatterTests.swift; sourceTree = "<group>"; };
		OBJ_26 /* SinglelineFormatterTests.swift */ = {isa = PBXFileReference; lastKnownFileType = sourcecode.swift; path = SinglelineFormatterTests.swift; sourceTree = "<group>"; };
		OBJ_27 /* PrettyTests.swift */ = {isa = PBXFileReference; lastKnownFileType = sourcecode.swift; path = PrettyTests.swift; sourceTree = "<group>"; };
		OBJ_29 /* String+extensionTests.swift */ = {isa = PBXFileReference; lastKnownFileType = sourcecode.swift; path = "String+extensionTests.swift"; sourceTree = "<group>"; };
		OBJ_31 /* Assertions.swift */ = {isa = PBXFileReference; lastKnownFileType = sourcecode.swift; path = Assertions.swift; sourceTree = "<group>"; };
		OBJ_32 /* Util.swift */ = {isa = PBXFileReference; lastKnownFileType = sourcecode.swift; path = Util.swift; sourceTree = "<group>"; };
		OBJ_33 /* XCTestManifests.swift */ = {isa = PBXFileReference; lastKnownFileType = sourcecode.swift; path = XCTestManifests.swift; sourceTree = "<group>"; };
		OBJ_36 /* Package.swift */ = {isa = PBXFileReference; explicitFileType = sourcecode.swift; name = Package.swift; path = /Users/hosonumayuusuke/go/src/github.com/YusukeHosonuma/SwiftPrettyPrint/.build/checkouts/Curry/Package.swift; sourceTree = "<group>"; };
		OBJ_37 /* Curry.swift */ = {isa = PBXFileReference; lastKnownFileType = sourcecode.swift; path = Curry.swift; sourceTree = "<group>"; };
		OBJ_39 /* Package.swift */ = {isa = PBXFileReference; explicitFileType = sourcecode.swift; name = Package.swift; path = /Users/hosonumayuusuke/go/src/github.com/YusukeHosonuma/SwiftPrettyPrint/.build/checkouts/SwiftParamTest/Package.swift; sourceTree = "<group>"; };
		OBJ_40 /* Core.swift */ = {isa = PBXFileReference; lastKnownFileType = sourcecode.swift; path = Core.swift; sourceTree = "<group>"; };
		OBJ_41 /* DSL.swift */ = {isa = PBXFileReference; lastKnownFileType = sourcecode.swift; path = DSL.swift; sourceTree = "<group>"; };
		OBJ_47 /* Example */ = {isa = PBXFileReference; lastKnownFileType = folder; path = Example; sourceTree = SOURCE_ROOT; };
		OBJ_48 /* Image */ = {isa = PBXFileReference; lastKnownFileType = folder; path = Image; sourceTree = SOURCE_ROOT; };
		OBJ_49 /* vendor */ = {isa = PBXFileReference; lastKnownFileType = folder; path = vendor; sourceTree = SOURCE_ROOT; };
		OBJ_50 /* LICENSE */ = {isa = PBXFileReference; lastKnownFileType = text; path = LICENSE; sourceTree = "<group>"; };
		OBJ_51 /* Makefile */ = {isa = PBXFileReference; lastKnownFileType = sourcecode.make; path = Makefile; sourceTree = "<group>"; };
		OBJ_52 /* README.md */ = {isa = PBXFileReference; lastKnownFileType = net.daringfireball.markdown; path = README.md; sourceTree = "<group>"; };
		OBJ_53 /* SwiftPrettyPrint.podspec */ = {isa = PBXFileReference; lastKnownFileType = text; path = SwiftPrettyPrint.podspec; sourceTree = "<group>"; };
		OBJ_54 /* Gemfile */ = {isa = PBXFileReference; lastKnownFileType = text; path = Gemfile; sourceTree = "<group>"; };
		OBJ_55 /* Gemfile.lock */ = {isa = PBXFileReference; lastKnownFileType = text; path = Gemfile.lock; sourceTree = "<group>"; };
		OBJ_56 /* Brewfile */ = {isa = PBXFileReference; lastKnownFileType = text; path = Brewfile; sourceTree = "<group>"; };
		OBJ_57 /* version.txt */ = {isa = PBXFileReference; lastKnownFileType = text; path = version.txt; sourceTree = "<group>"; };
		OBJ_6 /* Package.swift */ = {isa = PBXFileReference; explicitFileType = sourcecode.swift; path = Package.swift; sourceTree = "<group>"; };
		OBJ_9 /* Debug.swift */ = {isa = PBXFileReference; lastKnownFileType = sourcecode.swift; path = Debug.swift; sourceTree = "<group>"; };
		"SwiftParamTest::SwiftParamTest::Product" /* SwiftParamTest.framework */ = {isa = PBXFileReference; lastKnownFileType = wrapper.framework; path = SwiftParamTest.framework; sourceTree = BUILT_PRODUCTS_DIR; };
		"SwiftPrettyPrint::SwiftPrettyPrint::Product" /* SwiftPrettyPrint.framework */ = {isa = PBXFileReference; lastKnownFileType = wrapper.framework; path = SwiftPrettyPrint.framework; sourceTree = BUILT_PRODUCTS_DIR; };
		"SwiftPrettyPrint::SwiftPrettyPrintTests::Product" /* SwiftPrettyPrintTests.xctest */ = {isa = PBXFileReference; lastKnownFileType = file; path = SwiftPrettyPrintTests.xctest; sourceTree = BUILT_PRODUCTS_DIR; };
/* End PBXFileReference section */

/* Begin PBXFrameworksBuildPhase section */
		OBJ_123 /* Frameworks */ = {
			isa = PBXFrameworksBuildPhase;
			buildActionMask = 0;
			files = (
				OBJ_124 /* Curry.framework in Frameworks */,
				OBJ_125 /* SwiftParamTest.framework in Frameworks */,
				OBJ_126 /* SwiftPrettyPrint.framework in Frameworks */,
			);
			runOnlyForDeploymentPostprocessing = 0;
		};
		OBJ_64 /* Frameworks */ = {
			isa = PBXFrameworksBuildPhase;
			buildActionMask = 0;
			files = (
			);
			runOnlyForDeploymentPostprocessing = 0;
		};
		OBJ_78 /* Frameworks */ = {
			isa = PBXFrameworksBuildPhase;
			buildActionMask = 0;
			files = (
			);
			runOnlyForDeploymentPostprocessing = 0;
		};
		OBJ_98 /* Frameworks */ = {
			isa = PBXFrameworksBuildPhase;
			buildActionMask = 0;
			files = (
			);
			runOnlyForDeploymentPostprocessing = 0;
		};
/* End PBXFrameworksBuildPhase section */

/* Begin PBXGroup section */
		OBJ_11 /* Core */ = {
			isa = PBXGroup;
			children = (
				OBJ_12 /* Formatter */,
				OBJ_16 /* Pretty.swift */,
				OBJ_17 /* PrettyError.swift */,
			);
			path = Core;
			sourceTree = "<group>";
		};
		OBJ_12 /* Formatter */ = {
			isa = PBXGroup;
			children = (
				OBJ_13 /* MultilineFormatter.swift */,
				OBJ_14 /* PrettyFormatter.swift */,
				OBJ_15 /* SinglelineFormatter.swift */,
			);
			path = Formatter;
			sourceTree = "<group>";
		};
		OBJ_18 /* Extension */ = {
			isa = PBXGroup;
			children = (
				OBJ_19 /* String+extension.swift */,
			);
			path = Extension;
			sourceTree = "<group>";
		};
		OBJ_20 /* Tests */ = {
			isa = PBXGroup;
			children = (
				OBJ_21 /* API */,
				OBJ_23 /* Core */,
				OBJ_28 /* Extension */,
				OBJ_30 /* Helper */,
				OBJ_33 /* XCTestManifests.swift */,
			);
			path = Tests;
			sourceTree = SOURCE_ROOT;
		};
		OBJ_21 /* API */ = {
			isa = PBXGroup;
			children = (
				OBJ_22 /* DebugTests.swift */,
			);
			path = API;
			sourceTree = "<group>";
		};
		OBJ_23 /* Core */ = {
			isa = PBXGroup;
			children = (
				OBJ_24 /* Formatter */,
				OBJ_27 /* PrettyTests.swift */,
			);
			path = Core;
			sourceTree = "<group>";
		};
		OBJ_24 /* Formatter */ = {
			isa = PBXGroup;
			children = (
				OBJ_25 /* MultilineFormatterTests.swift */,
				OBJ_26 /* SinglelineFormatterTests.swift */,
			);
			path = Formatter;
			sourceTree = "<group>";
		};
		OBJ_28 /* Extension */ = {
			isa = PBXGroup;
			children = (
				OBJ_29 /* String+extensionTests.swift */,
			);
			path = Extension;
			sourceTree = "<group>";
		};
		OBJ_30 /* Helper */ = {
			isa = PBXGroup;
			children = (
				OBJ_31 /* Assertions.swift */,
				OBJ_32 /* Util.swift */,
			);
			path = Helper;
			sourceTree = "<group>";
		};
		OBJ_34 /* Dependencies */ = {
			isa = PBXGroup;
			children = (
				OBJ_35 /* Curry 4.0.2 */,
				OBJ_38 /* SwiftParamTest 1.1.0 */,
			);
			name = Dependencies;
			sourceTree = "<group>";
		};
		OBJ_35 /* Curry 4.0.2 */ = {
			isa = PBXGroup;
			children = (
				OBJ_36 /* Package.swift */,
				OBJ_37 /* Curry.swift */,
			);
			name = "Curry 4.0.2";
			path = .build/checkouts/Curry/Source;
			sourceTree = SOURCE_ROOT;
		};
		OBJ_38 /* SwiftParamTest 1.1.0 */ = {
			isa = PBXGroup;
			children = (
				OBJ_39 /* Package.swift */,
				OBJ_40 /* Core.swift */,
				OBJ_41 /* DSL.swift */,
			);
			name = "SwiftParamTest 1.1.0";
			path = .build/checkouts/SwiftParamTest/Sources;
			sourceTree = SOURCE_ROOT;
		};
		OBJ_42 /* Products */ = {
			isa = PBXGroup;
			children = (
				"SwiftPrettyPrint::SwiftPrettyPrint::Product" /* SwiftPrettyPrint.framework */,
				"SwiftPrettyPrint::SwiftPrettyPrintTests::Product" /* SwiftPrettyPrintTests.xctest */,
				"Curry::Curry::Product" /* Curry.framework */,
				"SwiftParamTest::SwiftParamTest::Product" /* SwiftParamTest.framework */,
			);
			name = Products;
			sourceTree = BUILT_PRODUCTS_DIR;
		};
		OBJ_5 /*  */ = {
			isa = PBXGroup;
			children = (
				OBJ_6 /* Package.swift */,
				OBJ_7 /* Sources */,
				OBJ_20 /* Tests */,
				OBJ_34 /* Dependencies */,
				OBJ_42 /* Products */,
				OBJ_47 /* Example */,
				OBJ_48 /* Image */,
				OBJ_49 /* vendor */,
				OBJ_50 /* LICENSE */,
				OBJ_51 /* Makefile */,
				OBJ_52 /* README.md */,
				OBJ_53 /* SwiftPrettyPrint.podspec */,
				OBJ_54 /* Gemfile */,
				OBJ_55 /* Gemfile.lock */,
				OBJ_56 /* Brewfile */,
				OBJ_57 /* version.txt */,
			);
			name = "";
			sourceTree = "<group>";
		};
		OBJ_7 /* Sources */ = {
			isa = PBXGroup;
			children = (
				OBJ_8 /* API */,
				OBJ_11 /* Core */,
				OBJ_18 /* Extension */,
			);
			path = Sources;
			sourceTree = SOURCE_ROOT;
		};
		OBJ_8 /* API */ = {
			isa = PBXGroup;
			children = (
				OBJ_9 /* Debug.swift */,
				OBJ_10 /* Option.swift */,
			);
			path = API;
			sourceTree = "<group>";
		};
/* End PBXGroup section */

/* Begin PBXNativeTarget section */
		"Curry::Curry" /* Curry */ = {
			isa = PBXNativeTarget;
			buildConfigurationList = OBJ_59 /* Build configuration list for PBXNativeTarget "Curry" */;
			buildPhases = (
				OBJ_62 /* Sources */,
				OBJ_64 /* Frameworks */,
			);
			buildRules = (
			);
			dependencies = (
			);
			name = Curry;
			productName = Curry;
			productReference = "Curry::Curry::Product" /* Curry.framework */;
			productType = "com.apple.product-type.framework";
		};
		"Curry::SwiftPMPackageDescription" /* CurryPackageDescription */ = {
			isa = PBXNativeTarget;
			buildConfigurationList = OBJ_66 /* Build configuration list for PBXNativeTarget "CurryPackageDescription" */;
			buildPhases = (
				OBJ_69 /* Sources */,
			);
			buildRules = (
			);
			dependencies = (
			);
			name = CurryPackageDescription;
			productName = CurryPackageDescription;
			productType = "com.apple.product-type.framework";
		};
		"SwiftParamTest::SwiftPMPackageDescription" /* SwiftParamTestPackageDescription */ = {
			isa = PBXNativeTarget;
			buildConfigurationList = OBJ_80 /* Build configuration list for PBXNativeTarget "SwiftParamTestPackageDescription" */;
			buildPhases = (
				OBJ_83 /* Sources */,
			);
			buildRules = (
			);
			dependencies = (
			);
			name = SwiftParamTestPackageDescription;
			productName = SwiftParamTestPackageDescription;
			productType = "com.apple.product-type.framework";
		};
		"SwiftParamTest::SwiftParamTest" /* SwiftParamTest */ = {
			isa = PBXNativeTarget;
			buildConfigurationList = OBJ_72 /* Build configuration list for PBXNativeTarget "SwiftParamTest" */;
			buildPhases = (
				OBJ_75 /* Sources */,
				OBJ_78 /* Frameworks */,
			);
			buildRules = (
			);
			dependencies = (
			);
			name = SwiftParamTest;
			productName = SwiftParamTest;
			productReference = "SwiftParamTest::SwiftParamTest::Product" /* SwiftParamTest.framework */;
			productType = "com.apple.product-type.framework";
		};
		"SwiftPrettyPrint::SwiftPMPackageDescription" /* SwiftPrettyPrintPackageDescription */ = {
			isa = PBXNativeTarget;
			buildConfigurationList = OBJ_100 /* Build configuration list for PBXNativeTarget "SwiftPrettyPrintPackageDescription" */;
			buildPhases = (
				OBJ_103 /* Sources */,
			);
			buildRules = (
			);
			dependencies = (
			);
			name = SwiftPrettyPrintPackageDescription;
			productName = SwiftPrettyPrintPackageDescription;
			productType = "com.apple.product-type.framework";
		};
		"SwiftPrettyPrint::SwiftPrettyPrint" /* SwiftPrettyPrint */ = {
			isa = PBXNativeTarget;
			buildConfigurationList = OBJ_86 /* Build configuration list for PBXNativeTarget "SwiftPrettyPrint" */;
			buildPhases = (
				OBJ_89 /* Sources */,
				OBJ_98 /* Frameworks */,
			);
			buildRules = (
			);
			dependencies = (
			);
			name = SwiftPrettyPrint;
			productName = SwiftPrettyPrint;
			productReference = "SwiftPrettyPrint::SwiftPrettyPrint::Product" /* SwiftPrettyPrint.framework */;
			productType = "com.apple.product-type.framework";
		};
		"SwiftPrettyPrint::SwiftPrettyPrintTests" /* SwiftPrettyPrintTests */ = {
			isa = PBXNativeTarget;
			buildConfigurationList = OBJ_111 /* Build configuration list for PBXNativeTarget "SwiftPrettyPrintTests" */;
			buildPhases = (
				OBJ_114 /* Sources */,
				OBJ_123 /* Frameworks */,
			);
			buildRules = (
			);
			dependencies = (
				OBJ_127 /* PBXTargetDependency */,
				OBJ_128 /* PBXTargetDependency */,
				OBJ_129 /* PBXTargetDependency */,
			);
			name = SwiftPrettyPrintTests;
			productName = SwiftPrettyPrintTests;
			productReference = "SwiftPrettyPrint::SwiftPrettyPrintTests::Product" /* SwiftPrettyPrintTests.xctest */;
			productType = "com.apple.product-type.bundle.unit-test";
		};
/* End PBXNativeTarget section */

/* Begin PBXProject section */
		OBJ_1 /* Project object */ = {
			isa = PBXProject;
			attributes = {
				LastSwiftMigration = 9999;
				LastUpgradeCheck = 9999;
			};
			buildConfigurationList = OBJ_2 /* Build configuration list for PBXProject "SwiftPrettyPrint" */;
			compatibilityVersion = "Xcode 3.2";
			developmentRegion = en;
			hasScannedForEncodings = 0;
			knownRegions = (
				en,
			);
			mainGroup = OBJ_5 /*  */;
			productRefGroup = OBJ_42 /* Products */;
			projectDirPath = "";
			projectRoot = "";
			targets = (
				"Curry::Curry" /* Curry */,
				"Curry::SwiftPMPackageDescription" /* CurryPackageDescription */,
				"SwiftParamTest::SwiftParamTest" /* SwiftParamTest */,
				"SwiftParamTest::SwiftPMPackageDescription" /* SwiftParamTestPackageDescription */,
				"SwiftPrettyPrint::SwiftPrettyPrint" /* SwiftPrettyPrint */,
				"SwiftPrettyPrint::SwiftPMPackageDescription" /* SwiftPrettyPrintPackageDescription */,
				"SwiftPrettyPrint::SwiftPrettyPrintPackageTests::ProductTarget" /* SwiftPrettyPrintPackageTests */,
				"SwiftPrettyPrint::SwiftPrettyPrintTests" /* SwiftPrettyPrintTests */,
			);
		};
/* End PBXProject section */

/* Begin PBXSourcesBuildPhase section */
		OBJ_103 /* Sources */ = {
			isa = PBXSourcesBuildPhase;
			buildActionMask = 0;
			files = (
				OBJ_104 /* Package.swift in Sources */,
			);
			runOnlyForDeploymentPostprocessing = 0;
		};
		OBJ_114 /* Sources */ = {
			isa = PBXSourcesBuildPhase;
			buildActionMask = 0;
			files = (
				OBJ_115 /* DebugTests.swift in Sources */,
				OBJ_116 /* MultilineFormatterTests.swift in Sources */,
				OBJ_117 /* SinglelineFormatterTests.swift in Sources */,
				OBJ_118 /* PrettyTests.swift in Sources */,
				OBJ_119 /* String+extensionTests.swift in Sources */,
				OBJ_120 /* Assertions.swift in Sources */,
				OBJ_121 /* Util.swift in Sources */,
				OBJ_122 /* XCTestManifests.swift in Sources */,
			);
			runOnlyForDeploymentPostprocessing = 0;
		};
		OBJ_62 /* Sources */ = {
			isa = PBXSourcesBuildPhase;
			buildActionMask = 0;
			files = (
				OBJ_63 /* Curry.swift in Sources */,
			);
			runOnlyForDeploymentPostprocessing = 0;
		};
		OBJ_69 /* Sources */ = {
			isa = PBXSourcesBuildPhase;
			buildActionMask = 0;
			files = (
				OBJ_70 /* Package.swift in Sources */,
			);
			runOnlyForDeploymentPostprocessing = 0;
		};
		OBJ_75 /* Sources */ = {
			isa = PBXSourcesBuildPhase;
			buildActionMask = 0;
			files = (
				OBJ_76 /* Core.swift in Sources */,
				OBJ_77 /* DSL.swift in Sources */,
			);
			runOnlyForDeploymentPostprocessing = 0;
		};
		OBJ_83 /* Sources */ = {
			isa = PBXSourcesBuildPhase;
			buildActionMask = 0;
			files = (
				OBJ_84 /* Package.swift in Sources */,
			);
			runOnlyForDeploymentPostprocessing = 0;
		};
		OBJ_89 /* Sources */ = {
			isa = PBXSourcesBuildPhase;
			buildActionMask = 0;
			files = (
				OBJ_90 /* Debug.swift in Sources */,
				OBJ_91 /* Option.swift in Sources */,
				OBJ_92 /* MultilineFormatter.swift in Sources */,
				OBJ_93 /* PrettyFormatter.swift in Sources */,
				OBJ_94 /* SinglelineFormatter.swift in Sources */,
				OBJ_95 /* Pretty.swift in Sources */,
				OBJ_96 /* PrettyError.swift in Sources */,
				OBJ_97 /* String+extension.swift in Sources */,
			);
			runOnlyForDeploymentPostprocessing = 0;
		};
/* End PBXSourcesBuildPhase section */

/* Begin PBXTargetDependency section */
		OBJ_109 /* PBXTargetDependency */ = {
			isa = PBXTargetDependency;
			target = "SwiftPrettyPrint::SwiftPrettyPrintTests" /* SwiftPrettyPrintTests */;
			targetProxy = E58D816F241226E70081E667 /* PBXContainerItemProxy */;
		};
		OBJ_127 /* PBXTargetDependency */ = {
			isa = PBXTargetDependency;
			target = "Curry::Curry" /* Curry */;
			targetProxy = E58D816C241226E50081E667 /* PBXContainerItemProxy */;
		};
		OBJ_128 /* PBXTargetDependency */ = {
			isa = PBXTargetDependency;
			target = "SwiftParamTest::SwiftParamTest" /* SwiftParamTest */;
			targetProxy = E58D816D241226E50081E667 /* PBXContainerItemProxy */;
		};
		OBJ_129 /* PBXTargetDependency */ = {
			isa = PBXTargetDependency;
			target = "SwiftPrettyPrint::SwiftPrettyPrint" /* SwiftPrettyPrint */;
			targetProxy = E58D816E241226E50081E667 /* PBXContainerItemProxy */;
		};
/* End PBXTargetDependency section */

/* Begin XCBuildConfiguration section */
		OBJ_101 /* Debug */ = {
			isa = XCBuildConfiguration;
			buildSettings = {
				LD = /usr/bin/true;
				OTHER_SWIFT_FLAGS = "-swift-version 5 -I $(TOOLCHAIN_DIR)/usr/lib/swift/pm/4_2 -target x86_64-apple-macosx10.10 -sdk /Applications/Xcode_11.3.app/Contents/Developer/Platforms/MacOSX.platform/Developer/SDKs/MacOSX10.15.sdk -package-description-version 5.1";
				SWIFT_VERSION = 5.0;
			};
			name = Debug;
		};
		OBJ_102 /* Release */ = {
			isa = XCBuildConfiguration;
			buildSettings = {
				LD = /usr/bin/true;
				OTHER_SWIFT_FLAGS = "-swift-version 5 -I $(TOOLCHAIN_DIR)/usr/lib/swift/pm/4_2 -target x86_64-apple-macosx10.10 -sdk /Applications/Xcode_11.3.app/Contents/Developer/Platforms/MacOSX.platform/Developer/SDKs/MacOSX10.15.sdk -package-description-version 5.1";
				SWIFT_VERSION = 5.0;
			};
			name = Release;
		};
		OBJ_107 /* Debug */ = {
			isa = XCBuildConfiguration;
			buildSettings = {
			};
			name = Debug;
		};
		OBJ_108 /* Release */ = {
			isa = XCBuildConfiguration;
			buildSettings = {
			};
			name = Release;
		};
		OBJ_112 /* Debug */ = {
			isa = XCBuildConfiguration;
			buildSettings = {
				CLANG_ENABLE_MODULES = YES;
				EMBEDDED_CONTENT_CONTAINS_SWIFT = YES;
				FRAMEWORK_SEARCH_PATHS = (
					"$(inherited)",
					"$(PLATFORM_DIR)/Developer/Library/Frameworks",
				);
				HEADER_SEARCH_PATHS = "$(inherited)";
				INFOPLIST_FILE = SwiftPrettyPrint.xcodeproj/SwiftPrettyPrintTests_Info.plist;
				IPHONEOS_DEPLOYMENT_TARGET = 8.0;
				LD_RUNPATH_SEARCH_PATHS = "$(inherited) @loader_path/../Frameworks @loader_path/Frameworks";
				MACOSX_DEPLOYMENT_TARGET = 10.10;
				OTHER_CFLAGS = "$(inherited)";
				OTHER_LDFLAGS = "$(inherited)";
				OTHER_SWIFT_FLAGS = "$(inherited)";
				SWIFT_ACTIVE_COMPILATION_CONDITIONS = "$(inherited)";
				SWIFT_VERSION = 5.0;
				TARGET_NAME = SwiftPrettyPrintTests;
				TVOS_DEPLOYMENT_TARGET = 9.0;
				WATCHOS_DEPLOYMENT_TARGET = 2.0;
			};
			name = Debug;
		};
		OBJ_113 /* Release */ = {
			isa = XCBuildConfiguration;
			buildSettings = {
				CLANG_ENABLE_MODULES = YES;
				EMBEDDED_CONTENT_CONTAINS_SWIFT = YES;
				FRAMEWORK_SEARCH_PATHS = (
					"$(inherited)",
					"$(PLATFORM_DIR)/Developer/Library/Frameworks",
				);
				HEADER_SEARCH_PATHS = "$(inherited)";
				INFOPLIST_FILE = SwiftPrettyPrint.xcodeproj/SwiftPrettyPrintTests_Info.plist;
				IPHONEOS_DEPLOYMENT_TARGET = 8.0;
				LD_RUNPATH_SEARCH_PATHS = "$(inherited) @loader_path/../Frameworks @loader_path/Frameworks";
				MACOSX_DEPLOYMENT_TARGET = 10.10;
				OTHER_CFLAGS = "$(inherited)";
				OTHER_LDFLAGS = "$(inherited)";
				OTHER_SWIFT_FLAGS = "$(inherited)";
				SWIFT_ACTIVE_COMPILATION_CONDITIONS = "$(inherited)";
				SWIFT_VERSION = 5.0;
				TARGET_NAME = SwiftPrettyPrintTests;
				TVOS_DEPLOYMENT_TARGET = 9.0;
				WATCHOS_DEPLOYMENT_TARGET = 2.0;
			};
			name = Release;
		};
		OBJ_3 /* Debug */ = {
			isa = XCBuildConfiguration;
			buildSettings = {
				CLANG_ENABLE_OBJC_ARC = YES;
				COMBINE_HIDPI_IMAGES = YES;
				COPY_PHASE_STRIP = NO;
				DEBUG_INFORMATION_FORMAT = dwarf;
				DYLIB_INSTALL_NAME_BASE = "@rpath";
				ENABLE_NS_ASSERTIONS = YES;
				GCC_OPTIMIZATION_LEVEL = 0;
				GCC_PREPROCESSOR_DEFINITIONS = (
					"$(inherited)",
					"SWIFT_PACKAGE=1",
					"DEBUG=1",
				);
				MACOSX_DEPLOYMENT_TARGET = 10.10;
				ONLY_ACTIVE_ARCH = YES;
				OTHER_SWIFT_FLAGS = "$(inherited) -DXcode";
				PRODUCT_NAME = "$(TARGET_NAME)";
				SDKROOT = macosx;
				SUPPORTED_PLATFORMS = "macosx iphoneos iphonesimulator appletvos appletvsimulator watchos watchsimulator";
				SWIFT_ACTIVE_COMPILATION_CONDITIONS = "$(inherited) SWIFT_PACKAGE DEBUG";
				SWIFT_OPTIMIZATION_LEVEL = "-Onone";
				USE_HEADERMAP = NO;
			};
			name = Debug;
		};
		OBJ_4 /* Release */ = {
			isa = XCBuildConfiguration;
			buildSettings = {
				CLANG_ENABLE_OBJC_ARC = YES;
				COMBINE_HIDPI_IMAGES = YES;
				COPY_PHASE_STRIP = YES;
				DEBUG_INFORMATION_FORMAT = "dwarf-with-dsym";
				DYLIB_INSTALL_NAME_BASE = "@rpath";
				GCC_OPTIMIZATION_LEVEL = s;
				GCC_PREPROCESSOR_DEFINITIONS = (
					"$(inherited)",
					"SWIFT_PACKAGE=1",
				);
				MACOSX_DEPLOYMENT_TARGET = 10.10;
				OTHER_SWIFT_FLAGS = "$(inherited) -DXcode";
				PRODUCT_NAME = "$(TARGET_NAME)";
				SDKROOT = macosx;
				SUPPORTED_PLATFORMS = "macosx iphoneos iphonesimulator appletvos appletvsimulator watchos watchsimulator";
				SWIFT_ACTIVE_COMPILATION_CONDITIONS = "$(inherited) SWIFT_PACKAGE";
				SWIFT_OPTIMIZATION_LEVEL = "-Owholemodule";
				USE_HEADERMAP = NO;
			};
			name = Release;
		};
		OBJ_60 /* Debug */ = {
			isa = XCBuildConfiguration;
			buildSettings = {
				ENABLE_TESTABILITY = YES;
				FRAMEWORK_SEARCH_PATHS = (
					"$(inherited)",
					"$(PLATFORM_DIR)/Developer/Library/Frameworks",
				);
				HEADER_SEARCH_PATHS = "$(inherited)";
				INFOPLIST_FILE = SwiftPrettyPrint.xcodeproj/Curry_Info.plist;
				IPHONEOS_DEPLOYMENT_TARGET = 8.0;
				LD_RUNPATH_SEARCH_PATHS = "$(inherited) $(TOOLCHAIN_DIR)/usr/lib/swift/macosx";
				OTHER_CFLAGS = "$(inherited)";
				OTHER_LDFLAGS = "$(inherited)";
				OTHER_SWIFT_FLAGS = "$(inherited)";
				PRODUCT_BUNDLE_IDENTIFIER = Curry;
				PRODUCT_MODULE_NAME = "$(TARGET_NAME:c99extidentifier)";
				PRODUCT_NAME = "$(TARGET_NAME:c99extidentifier)";
				SKIP_INSTALL = YES;
				SWIFT_ACTIVE_COMPILATION_CONDITIONS = "$(inherited)";
				SWIFT_VERSION = 4.2;
				TARGET_NAME = Curry;
			};
			name = Debug;
		};
		OBJ_61 /* Release */ = {
			isa = XCBuildConfiguration;
			buildSettings = {
				ENABLE_TESTABILITY = YES;
				FRAMEWORK_SEARCH_PATHS = (
					"$(inherited)",
					"$(PLATFORM_DIR)/Developer/Library/Frameworks",
				);
				HEADER_SEARCH_PATHS = "$(inherited)";
				INFOPLIST_FILE = SwiftPrettyPrint.xcodeproj/Curry_Info.plist;
				IPHONEOS_DEPLOYMENT_TARGET = 8.0;
				LD_RUNPATH_SEARCH_PATHS = "$(inherited) $(TOOLCHAIN_DIR)/usr/lib/swift/macosx";
				OTHER_CFLAGS = "$(inherited)";
				OTHER_LDFLAGS = "$(inherited)";
				OTHER_SWIFT_FLAGS = "$(inherited)";
				PRODUCT_BUNDLE_IDENTIFIER = Curry;
				PRODUCT_MODULE_NAME = "$(TARGET_NAME:c99extidentifier)";
				PRODUCT_NAME = "$(TARGET_NAME:c99extidentifier)";
				SKIP_INSTALL = YES;
				SWIFT_ACTIVE_COMPILATION_CONDITIONS = "$(inherited)";
				SWIFT_VERSION = 4.2;
				TARGET_NAME = Curry;
			};
			name = Release;
		};
		OBJ_67 /* Debug */ = {
			isa = XCBuildConfiguration;
			buildSettings = {
				LD = /usr/bin/true;
				OTHER_SWIFT_FLAGS = "-swift-version 4.2 -I $(TOOLCHAIN_DIR)/usr/lib/swift/pm/4_2 -target x86_64-apple-macosx10.10 -sdk /Applications/Xcode_11.3.app/Contents/Developer/Platforms/MacOSX.platform/Developer/SDKs/MacOSX10.15.sdk -package-description-version 4.2";
				SWIFT_VERSION = 4.2;
			};
			name = Debug;
		};
		OBJ_68 /* Release */ = {
			isa = XCBuildConfiguration;
			buildSettings = {
				LD = /usr/bin/true;
				OTHER_SWIFT_FLAGS = "-swift-version 4.2 -I $(TOOLCHAIN_DIR)/usr/lib/swift/pm/4_2 -target x86_64-apple-macosx10.10 -sdk /Applications/Xcode_11.3.app/Contents/Developer/Platforms/MacOSX.platform/Developer/SDKs/MacOSX10.15.sdk -package-description-version 4.2";
				SWIFT_VERSION = 4.2;
			};
			name = Release;
		};
		OBJ_73 /* Debug */ = {
			isa = XCBuildConfiguration;
			buildSettings = {
				ENABLE_TESTABILITY = YES;
				FRAMEWORK_SEARCH_PATHS = (
					"$(inherited)",
					"$(PLATFORM_DIR)/Developer/Library/Frameworks",
				);
				HEADER_SEARCH_PATHS = "$(inherited)";
				INFOPLIST_FILE = SwiftPrettyPrint.xcodeproj/SwiftParamTest_Info.plist;
				IPHONEOS_DEPLOYMENT_TARGET = 8.0;
				LD_RUNPATH_SEARCH_PATHS = "$(inherited) $(TOOLCHAIN_DIR)/usr/lib/swift/macosx";
				MACOSX_DEPLOYMENT_TARGET = 10.10;
				OTHER_CFLAGS = "$(inherited)";
				OTHER_LDFLAGS = "$(inherited)";
				OTHER_SWIFT_FLAGS = "$(inherited)";
				PRODUCT_BUNDLE_IDENTIFIER = SwiftParamTest;
				PRODUCT_MODULE_NAME = "$(TARGET_NAME:c99extidentifier)";
				PRODUCT_NAME = "$(TARGET_NAME:c99extidentifier)";
				SKIP_INSTALL = YES;
				SWIFT_ACTIVE_COMPILATION_CONDITIONS = "$(inherited)";
				SWIFT_VERSION = 5.0;
				TARGET_NAME = SwiftParamTest;
				TVOS_DEPLOYMENT_TARGET = 9.0;
				WATCHOS_DEPLOYMENT_TARGET = 2.0;
			};
			name = Debug;
		};
		OBJ_74 /* Release */ = {
			isa = XCBuildConfiguration;
			buildSettings = {
				ENABLE_TESTABILITY = YES;
				FRAMEWORK_SEARCH_PATHS = (
					"$(inherited)",
					"$(PLATFORM_DIR)/Developer/Library/Frameworks",
				);
				HEADER_SEARCH_PATHS = "$(inherited)";
				INFOPLIST_FILE = SwiftPrettyPrint.xcodeproj/SwiftParamTest_Info.plist;
				IPHONEOS_DEPLOYMENT_TARGET = 8.0;
				LD_RUNPATH_SEARCH_PATHS = "$(inherited) $(TOOLCHAIN_DIR)/usr/lib/swift/macosx";
				MACOSX_DEPLOYMENT_TARGET = 10.10;
				OTHER_CFLAGS = "$(inherited)";
				OTHER_LDFLAGS = "$(inherited)";
				OTHER_SWIFT_FLAGS = "$(inherited)";
				PRODUCT_BUNDLE_IDENTIFIER = SwiftParamTest;
				PRODUCT_MODULE_NAME = "$(TARGET_NAME:c99extidentifier)";
				PRODUCT_NAME = "$(TARGET_NAME:c99extidentifier)";
				SKIP_INSTALL = YES;
				SWIFT_ACTIVE_COMPILATION_CONDITIONS = "$(inherited)";
				SWIFT_VERSION = 5.0;
				TARGET_NAME = SwiftParamTest;
				TVOS_DEPLOYMENT_TARGET = 9.0;
				WATCHOS_DEPLOYMENT_TARGET = 2.0;
			};
			name = Release;
		};
		OBJ_81 /* Debug */ = {
			isa = XCBuildConfiguration;
			buildSettings = {
				LD = /usr/bin/true;
				OTHER_SWIFT_FLAGS = "-swift-version 5 -I $(TOOLCHAIN_DIR)/usr/lib/swift/pm/4_2 -target x86_64-apple-macosx10.10 -sdk /Applications/Xcode_11.3.app/Contents/Developer/Platforms/MacOSX.platform/Developer/SDKs/MacOSX10.15.sdk -package-description-version 5.1";
				SWIFT_VERSION = 5.0;
			};
			name = Debug;
		};
		OBJ_82 /* Release */ = {
			isa = XCBuildConfiguration;
			buildSettings = {
				LD = /usr/bin/true;
				OTHER_SWIFT_FLAGS = "-swift-version 5 -I $(TOOLCHAIN_DIR)/usr/lib/swift/pm/4_2 -target x86_64-apple-macosx10.10 -sdk /Applications/Xcode_11.3.app/Contents/Developer/Platforms/MacOSX.platform/Developer/SDKs/MacOSX10.15.sdk -package-description-version 5.1";
				SWIFT_VERSION = 5.0;
			};
			name = Release;
		};
		OBJ_87 /* Debug */ = {
			isa = XCBuildConfiguration;
			buildSettings = {
				ENABLE_TESTABILITY = YES;
				FRAMEWORK_SEARCH_PATHS = (
					"$(inherited)",
					"$(PLATFORM_DIR)/Developer/Library/Frameworks",
				);
				HEADER_SEARCH_PATHS = "$(inherited)";
				INFOPLIST_FILE = SwiftPrettyPrint.xcodeproj/SwiftPrettyPrint_Info.plist;
				IPHONEOS_DEPLOYMENT_TARGET = 8.0;
				LD_RUNPATH_SEARCH_PATHS = "$(inherited) $(TOOLCHAIN_DIR)/usr/lib/swift/macosx";
				MACOSX_DEPLOYMENT_TARGET = 10.10;
				OTHER_CFLAGS = "$(inherited)";
				OTHER_LDFLAGS = "$(inherited)";
				OTHER_SWIFT_FLAGS = "$(inherited)";
				PRODUCT_BUNDLE_IDENTIFIER = SwiftPrettyPrint;
				PRODUCT_MODULE_NAME = "$(TARGET_NAME:c99extidentifier)";
				PRODUCT_NAME = "$(TARGET_NAME:c99extidentifier)";
				SKIP_INSTALL = YES;
				SWIFT_ACTIVE_COMPILATION_CONDITIONS = "$(inherited)";
				SWIFT_VERSION = 5.0;
				TARGET_NAME = SwiftPrettyPrint;
				TVOS_DEPLOYMENT_TARGET = 9.0;
				WATCHOS_DEPLOYMENT_TARGET = 2.0;
			};
			name = Debug;
		};
		OBJ_88 /* Release */ = {
			isa = XCBuildConfiguration;
			buildSettings = {
				ENABLE_TESTABILITY = YES;
				FRAMEWORK_SEARCH_PATHS = (
					"$(inherited)",
					"$(PLATFORM_DIR)/Developer/Library/Frameworks",
				);
				HEADER_SEARCH_PATHS = "$(inherited)";
				INFOPLIST_FILE = SwiftPrettyPrint.xcodeproj/SwiftPrettyPrint_Info.plist;
				IPHONEOS_DEPLOYMENT_TARGET = 8.0;
				LD_RUNPATH_SEARCH_PATHS = "$(inherited) $(TOOLCHAIN_DIR)/usr/lib/swift/macosx";
				MACOSX_DEPLOYMENT_TARGET = 10.10;
				OTHER_CFLAGS = "$(inherited)";
				OTHER_LDFLAGS = "$(inherited)";
				OTHER_SWIFT_FLAGS = "$(inherited)";
				PRODUCT_BUNDLE_IDENTIFIER = SwiftPrettyPrint;
				PRODUCT_MODULE_NAME = "$(TARGET_NAME:c99extidentifier)";
				PRODUCT_NAME = "$(TARGET_NAME:c99extidentifier)";
				SKIP_INSTALL = YES;
				SWIFT_ACTIVE_COMPILATION_CONDITIONS = "$(inherited)";
				SWIFT_VERSION = 5.0;
				TARGET_NAME = SwiftPrettyPrint;
				TVOS_DEPLOYMENT_TARGET = 9.0;
				WATCHOS_DEPLOYMENT_TARGET = 2.0;
			};
			name = Release;
		};
/* End XCBuildConfiguration section */

/* Begin XCConfigurationList section */
		OBJ_100 /* Build configuration list for PBXNativeTarget "SwiftPrettyPrintPackageDescription" */ = {
			isa = XCConfigurationList;
			buildConfigurations = (
				OBJ_101 /* Debug */,
				OBJ_102 /* Release */,
			);
			defaultConfigurationIsVisible = 0;
			defaultConfigurationName = Release;
		};
		OBJ_106 /* Build configuration list for PBXAggregateTarget "SwiftPrettyPrintPackageTests" */ = {
			isa = XCConfigurationList;
			buildConfigurations = (
				OBJ_107 /* Debug */,
				OBJ_108 /* Release */,
			);
			defaultConfigurationIsVisible = 0;
			defaultConfigurationName = Release;
		};
		OBJ_111 /* Build configuration list for PBXNativeTarget "SwiftPrettyPrintTests" */ = {
			isa = XCConfigurationList;
			buildConfigurations = (
				OBJ_112 /* Debug */,
				OBJ_113 /* Release */,
			);
			defaultConfigurationIsVisible = 0;
			defaultConfigurationName = Release;
		};
		OBJ_2 /* Build configuration list for PBXProject "SwiftPrettyPrint" */ = {
			isa = XCConfigurationList;
			buildConfigurations = (
				OBJ_3 /* Debug */,
				OBJ_4 /* Release */,
			);
			defaultConfigurationIsVisible = 0;
			defaultConfigurationName = Release;
		};
		OBJ_59 /* Build configuration list for PBXNativeTarget "Curry" */ = {
			isa = XCConfigurationList;
			buildConfigurations = (
				OBJ_60 /* Debug */,
				OBJ_61 /* Release */,
			);
			defaultConfigurationIsVisible = 0;
			defaultConfigurationName = Release;
		};
		OBJ_66 /* Build configuration list for PBXNativeTarget "CurryPackageDescription" */ = {
			isa = XCConfigurationList;
			buildConfigurations = (
				OBJ_67 /* Debug */,
				OBJ_68 /* Release */,
			);
			defaultConfigurationIsVisible = 0;
			defaultConfigurationName = Release;
		};
		OBJ_72 /* Build configuration list for PBXNativeTarget "SwiftParamTest" */ = {
			isa = XCConfigurationList;
			buildConfigurations = (
				OBJ_73 /* Debug */,
				OBJ_74 /* Release */,
			);
			defaultConfigurationIsVisible = 0;
			defaultConfigurationName = Release;
		};
		OBJ_80 /* Build configuration list for PBXNativeTarget "SwiftParamTestPackageDescription" */ = {
			isa = XCConfigurationList;
			buildConfigurations = (
				OBJ_81 /* Debug */,
				OBJ_82 /* Release */,
			);
			defaultConfigurationIsVisible = 0;
			defaultConfigurationName = Release;
		};
		OBJ_86 /* Build configuration list for PBXNativeTarget "SwiftPrettyPrint" */ = {
			isa = XCConfigurationList;
			buildConfigurations = (
				OBJ_87 /* Debug */,
				OBJ_88 /* Release */,
			);
			defaultConfigurationIsVisible = 0;
			defaultConfigurationName = Release;
		};
/* End XCConfigurationList section */
	};
	rootObject = OBJ_1 /* Project object */;
}
